
Microsoft Visual Studio Solution File, Format Version 12.00
# Visual Studio Version 16
VisualStudioVersion = 16.0.30907.101
MinimumVisualStudioVersion = 10.0.40219.1
Project("{FAE04EC0-301F-11D3-BF4B-00C04F79EFBC}") = "CalcLibrary", "CalcLibrary.csproj", "{754BA3BE-C9CB-469C-B6C3-D597E1C671D3}"
EndProject
Project("{FAE04EC0-301F-11D3-BF4B-00C04F79EFBC}") = "UnitTest", "..\UnitTest\UnitTest.csproj", "{D51BF995-03B6-4BAB-8BAD-82A5B03497E4}"
EndProject
Global
	GlobalSection(SolutionConfigurationPlatforms) = preSolution
		Debug|Any CPU = Debug|Any CPU
		Release|Any CPU = Release|Any CPU
	EndGlobalSection
	GlobalSection(ProjectConfigurationPlatforms) = postSolution
		{754BA3BE-C9CB-469C-B6C3-D597E1C671D3}.Debug|Any CPU.ActiveCfg = Debug|Any CPU
		{754BA3BE-C9CB-469C-B6C3-D597E1C671D3}.Debug|Any CPU.Build.0 = Debug|Any CPU
		{754BA3BE-C9CB-469C-B6C3-D597E1C671D3}.Release|Any CPU.ActiveCfg = Release|Any CPU
		{754BA3BE-C9CB-469C-B6C3-D597E1C671D3}.Release|Any CPU.Build.0 = Release|Any CPU
		{D51BF995-03B6-4BAB-8BAD-82A5B03497E4}.Debug|Any CPU.ActiveCfg = Debug|Any CPU
		{D51BF995-03B6-4BAB-8BAD-82A5B03497E4}.Debug|Any CPU.Build.0 = Debug|Any CPU
		{D51BF995-03B6-4BAB-8BAD-82A5B03497E4}.Release|Any CPU.ActiveCfg = Release|Any CPU
		{D51BF995-03B6-4BAB-8BAD-82A5B03497E4}.Release|Any CPU.Build.0 = Release|Any CPU
	EndGlobalSection
	GlobalSection(SolutionProperties) = preSolution
		HideSolutionNode = FALSE
	EndGlobalSection
	GlobalSection(ExtensibilityGlobals) = postSolution
		SolutionGuid = {0FCA3175-8749-4D74-A1BB-C9A33C8B49CB}
	EndGlobalSection
EndGlobal
