
Microsoft Visual Studio Solution File, Format Version 12.00
# Visual Studio Version 16
VisualStudioVersion = 16.0.30907.101
MinimumVisualStudioVersion = 10.0.40219.1
Project("{FAE04EC0-301F-11D3-BF4B-00C04F79EFBC}") = "PlayersManagerLib", "PlayersManagerLib.csproj", "{02FC4AD6-1B4E-4F0E-80CB-C9A243C17CB5}"
EndProject
Project("{FAE04EC0-301F-11D3-BF4B-00C04F79EFBC}") = "PlayerMapperTests", "..\PlayerMapperTests\PlayerMapperTests.csproj", "{9F8D9D2B-635B-4074-A171-2E2BCF6DB3B4}"
EndProject
Global
	GlobalSection(SolutionConfigurationPlatforms) = preSolution
		Debug|Any CPU = Debug|Any CPU
		Release|Any CPU = Release|Any CPU
	EndGlobalSection
	GlobalSection(ProjectConfigurationPlatforms) = postSolution
		{02FC4AD6-1B4E-4F0E-80CB-C9A243C17CB5}.Debug|Any CPU.ActiveCfg = Debug|Any CPU
		{02FC4AD6-1B4E-4F0E-80CB-C9A243C17CB5}.Debug|Any CPU.Build.0 = Debug|Any CPU
		{02FC4AD6-1B4E-4F0E-80CB-C9A243C17CB5}.Release|Any CPU.ActiveCfg = Release|Any CPU
		{02FC4AD6-1B4E-4F0E-80CB-C9A243C17CB5}.Release|Any CPU.Build.0 = Release|Any CPU
		{9F8D9D2B-635B-4074-A171-2E2BCF6DB3B4}.Debug|Any CPU.ActiveCfg = Debug|Any CPU
		{9F8D9D2B-635B-4074-A171-2E2BCF6DB3B4}.Debug|Any CPU.Build.0 = Debug|Any CPU
		{9F8D9D2B-635B-4074-A171-2E2BCF6DB3B4}.Release|Any CPU.ActiveCfg = Release|Any CPU
		{9F8D9D2B-635B-4074-A171-2E2BCF6DB3B4}.Release|Any CPU.Build.0 = Release|Any CPU
	EndGlobalSection
	GlobalSection(SolutionProperties) = preSolution
		HideSolutionNode = FALSE
	EndGlobalSection
	GlobalSection(ExtensibilityGlobals) = postSolution
		SolutionGuid = {4BF8330E-5852-400B-85F4-B26F5777217D}
	EndGlobalSection
EndGlobal
