
Microsoft Visual Studio Solution File, Format Version 12.00
# Visual Studio Version 16
VisualStudioVersion = 16.0.30907.101
MinimumVisualStudioVersion = 10.0.40219.1
Project("{FAE04EC0-301F-11D3-BF4B-00C04F79EFBC}") = "WFA_UploadImage", "WFA_UploadImage.csproj", "{FAA8ED3F-2023-4772-AA5B-9740EEC616D9}"
EndProject
Global
	GlobalSection(SolutionConfigurationPlatforms) = preSolution
		Debug|Any CPU = Debug|Any CPU
		Release|Any CPU = Release|Any CPU
	EndGlobalSection
	GlobalSection(ProjectConfigurationPlatforms) = postSolution
		{FAA8ED3F-2023-4772-AA5B-9740EEC616D9}.Debug|Any CPU.ActiveCfg = Debug|Any CPU
		{FAA8ED3F-2023-4772-AA5B-9740EEC616D9}.Debug|Any CPU.Build.0 = Debug|Any CPU
		{FAA8ED3F-2023-4772-AA5B-9740EEC616D9}.Release|Any CPU.ActiveCfg = Release|Any CPU
		{FAA8ED3F-2023-4772-AA5B-9740EEC616D9}.Release|Any CPU.Build.0 = Release|Any CPU
	EndGlobalSection
	GlobalSection(SolutionProperties) = preSolution
		HideSolutionNode = FALSE
	EndGlobalSection
	GlobalSection(ExtensibilityGlobals) = postSolution
		SolutionGuid = {341439D9-92A5-42E6-B1FA-2CF30258F6C8}
	EndGlobalSection
EndGlobal
