
Microsoft Visual Studio Solution File, Format Version 12.00
# Visual Studio Version 16
VisualStudioVersion = 16.0.30907.101
MinimumVisualStudioVersion = 10.0.40219.1
Project("{FAE04EC0-301F-11D3-BF4B-00C04F79EFBC}") = "LoggingAspCoreHandOn", "LoggingAspCoreHandOn.csproj", "{86A4FF6D-85ED-4B0F-8120-63CECC71BF51}"
EndProject
Global
	GlobalSection(SolutionConfigurationPlatforms) = preSolution
		Debug|Any CPU = Debug|Any CPU
		Release|Any CPU = Release|Any CPU
	EndGlobalSection
	GlobalSection(ProjectConfigurationPlatforms) = postSolution
		{86A4FF6D-85ED-4B0F-8120-63CECC71BF51}.Debug|Any CPU.ActiveCfg = Debug|Any CPU
		{86A4FF6D-85ED-4B0F-8120-63CECC71BF51}.Debug|Any CPU.Build.0 = Debug|Any CPU
		{86A4FF6D-85ED-4B0F-8120-63CECC71BF51}.Release|Any CPU.ActiveCfg = Release|Any CPU
		{86A4FF6D-85ED-4B0F-8120-63CECC71BF51}.Release|Any CPU.Build.0 = Release|Any CPU
	EndGlobalSection
	GlobalSection(SolutionProperties) = preSolution
		HideSolutionNode = FALSE
	EndGlobalSection
	GlobalSection(ExtensibilityGlobals) = postSolution
		SolutionGuid = {05BFBD4B-C45A-40F3-8C63-D6BE5DEB3AA1}
	EndGlobalSection
EndGlobal
