
Microsoft Visual Studio Solution File, Format Version 12.00
# Visual Studio Version 16
VisualStudioVersion = 16.0.30907.101
MinimumVisualStudioVersion = 10.0.40219.1
Project("{FAE04EC0-301F-11D3-BF4B-00C04F79EFBC}") = "Adapter", "Adapter.csproj", "{A63F4E66-1221-4D3B-B948-4D3E8C3A3F93}"
EndProject
Global
	GlobalSection(SolutionConfigurationPlatforms) = preSolution
		Debug|Any CPU = Debug|Any CPU
		Release|Any CPU = Release|Any CPU
	EndGlobalSection
	GlobalSection(ProjectConfigurationPlatforms) = postSolution
		{A63F4E66-1221-4D3B-B948-4D3E8C3A3F93}.Debug|Any CPU.ActiveCfg = Debug|Any CPU
		{A63F4E66-1221-4D3B-B948-4D3E8C3A3F93}.Debug|Any CPU.Build.0 = Debug|Any CPU
		{A63F4E66-1221-4D3B-B948-4D3E8C3A3F93}.Release|Any CPU.ActiveCfg = Release|Any CPU
		{A63F4E66-1221-4D3B-B948-4D3E8C3A3F93}.Release|Any CPU.Build.0 = Release|Any CPU
	EndGlobalSection
	GlobalSection(SolutionProperties) = preSolution
		HideSolutionNode = FALSE
	EndGlobalSection
	GlobalSection(ExtensibilityGlobals) = postSolution
		SolutionGuid = {6AE302AB-6E00-467D-A190-87791B755A2D}
	EndGlobalSection
EndGlobal
