
Microsoft Visual Studio Solution File, Format Version 12.00
# Visual Studio Version 16
VisualStudioVersion = 16.0.31019.35
MinimumVisualStudioVersion = 10.0.40219.1
Project("{FAE04EC0-301F-11D3-BF4B-00C04F79EFBC}") = "ExceptionFilter", "ExceptionFilter\ExceptionFilter.csproj", "{B0B5E83E-81D4-4EB8-BF65-3BC26E3A0D31}"
EndProject
Global
	GlobalSection(SolutionConfigurationPlatforms) = preSolution
		Debug|Any CPU = Debug|Any CPU
		Release|Any CPU = Release|Any CPU
	EndGlobalSection
	GlobalSection(ProjectConfigurationPlatforms) = postSolution
		{B0B5E83E-81D4-4EB8-BF65-3BC26E3A0D31}.Debug|Any CPU.ActiveCfg = Debug|Any CPU
		{B0B5E83E-81D4-4EB8-BF65-3BC26E3A0D31}.Debug|Any CPU.Build.0 = Debug|Any CPU
		{B0B5E83E-81D4-4EB8-BF65-3BC26E3A0D31}.Release|Any CPU.ActiveCfg = Release|Any CPU
		{B0B5E83E-81D4-4EB8-BF65-3BC26E3A0D31}.Release|Any CPU.Build.0 = Release|Any CPU
	EndGlobalSection
	GlobalSection(SolutionProperties) = preSolution
		HideSolutionNode = FALSE
	EndGlobalSection
	GlobalSection(ExtensibilityGlobals) = postSolution
		SolutionGuid = {94C442A2-F340-402F-AF5C-6E9D811080F0}
	EndGlobalSection
EndGlobal
