
Microsoft Visual Studio Solution File, Format Version 12.00
# Visual Studio Version 16
VisualStudioVersion = 16.0.30907.101
MinimumVisualStudioVersion = 10.0.40219.1
Project("{FAE04EC0-301F-11D3-BF4B-00C04F79EFBC}") = "AccountDetailsWithEntity", "AccountDetailsWithEntity.csproj", "{4075E7E1-3C30-44CA-B7AD-9A5D65331E71}"
EndProject
Global
	GlobalSection(SolutionConfigurationPlatforms) = preSolution
		Debug|Any CPU = Debug|Any CPU
		Release|Any CPU = Release|Any CPU
	EndGlobalSection
	GlobalSection(ProjectConfigurationPlatforms) = postSolution
		{4075E7E1-3C30-44CA-B7AD-9A5D65331E71}.Debug|Any CPU.ActiveCfg = Debug|Any CPU
		{4075E7E1-3C30-44CA-B7AD-9A5D65331E71}.Debug|Any CPU.Build.0 = Debug|Any CPU
		{4075E7E1-3C30-44CA-B7AD-9A5D65331E71}.Release|Any CPU.ActiveCfg = Release|Any CPU
		{4075E7E1-3C30-44CA-B7AD-9A5D65331E71}.Release|Any CPU.Build.0 = Release|Any CPU
	EndGlobalSection
	GlobalSection(SolutionProperties) = preSolution
		HideSolutionNode = FALSE
	EndGlobalSection
	GlobalSection(ExtensibilityGlobals) = postSolution
		SolutionGuid = {32DADDD0-0D49-4D55-9677-9D2BA414BCBC}
	EndGlobalSection
EndGlobal
