
Microsoft Visual Studio Solution File, Format Version 12.00
# Visual Studio Version 16
VisualStudioVersion = 16.0.30804.86
MinimumVisualStudioVersion = 10.0.40219.1
Project("{FAE04EC0-301F-11D3-BF4B-00C04F79EFBC}") = "AbstractFactoryCaseStudy", "AbstractFactoryCaseStudy.csproj", "{75127578-0B31-487A-9751-A21079E2B33F}"
EndProject
Global
	GlobalSection(SolutionConfigurationPlatforms) = preSolution
		Debug|Any CPU = Debug|Any CPU
		Release|Any CPU = Release|Any CPU
	EndGlobalSection
	GlobalSection(ProjectConfigurationPlatforms) = postSolution
		{75127578-0B31-487A-9751-A21079E2B33F}.Debug|Any CPU.ActiveCfg = Debug|Any CPU
		{75127578-0B31-487A-9751-A21079E2B33F}.Debug|Any CPU.Build.0 = Debug|Any CPU
		{75127578-0B31-487A-9751-A21079E2B33F}.Release|Any CPU.ActiveCfg = Release|Any CPU
		{75127578-0B31-487A-9751-A21079E2B33F}.Release|Any CPU.Build.0 = Release|Any CPU
	EndGlobalSection
	GlobalSection(SolutionProperties) = preSolution
		HideSolutionNode = FALSE
	EndGlobalSection
	GlobalSection(ExtensibilityGlobals) = postSolution
		SolutionGuid = {4578A5D7-EA45-4558-989E-428ABCB33AB4}
	EndGlobalSection
EndGlobal
